// !$*UTF8*$!
{
	archiveVersion = 1;
	classes = {
	};
	objectVersion = 46;
	objects = {

/* Begin PBXBuildFile section */
		910E947F1C1516C5005A9FAB /* TableDetail.swift in Sources */ = {isa = PBXBuildFile; fileRef = 910E947E1C1516C5005A9FAB /* TableDetail.swift */; };
		91A5F04B1C167E6C0044A458 /* TableViewControllerBack.swift in Sources */ = {isa = PBXBuildFile; fileRef = 91A5F04A1C167E6C0044A458 /* TableViewControllerBack.swift */; };
		91C505721C16688500A47350 /* SwiftyJSON.swift in Sources */ = {isa = PBXBuildFile; fileRef = 91C505711C16688500A47350 /* SwiftyJSON.swift */; };
		91D22B501C0E936C00F873CB /* AppDelegate.swift in Sources */ = {isa = PBXBuildFile; fileRef = 91D22B4F1C0E936C00F873CB /* AppDelegate.swift */; };
		91D22B521C0E936C00F873CB /* ViewController.swift in Sources */ = {isa = PBXBuildFile; fileRef = 91D22B511C0E936C00F873CB /* ViewController.swift */; };
		91D22B551C0E936C00F873CB /* Main.storyboard in Resources */ = {isa = PBXBuildFile; fileRef = 91D22B531C0E936C00F873CB /* Main.storyboard */; };
		91D22B571C0E936C00F873CB /* Assets.xcassets in Resources */ = {isa = PBXBuildFile; fileRef = 91D22B561C0E936C00F873CB /* Assets.xcassets */; };
		91D22B5A1C0E936C00F873CB /* LaunchScreen.storyboard in Resources */ = {isa = PBXBuildFile; fileRef = 91D22B581C0E936C00F873CB /* LaunchScreen.storyboard */; };
		91D22B651C0E936C00F873CB /* fateTests.swift in Sources */ = {isa = PBXBuildFile; fileRef = 91D22B641C0E936C00F873CB /* fateTests.swift */; };
		91D22B701C0E936C00F873CB /* fateUITests.swift in Sources */ = {isa = PBXBuildFile; fileRef = 91D22B6F1C0E936C00F873CB /* fateUITests.swift */; };
		91D22B7F1C0E945400F873CB /* AlertViewControlller.swift in Sources */ = {isa = PBXBuildFile; fileRef = 91D22B7D1C0E945400F873CB /* AlertViewControlller.swift */; };
		91D22B801C0E945400F873CB /* AnimationController.swift in Sources */ = {isa = PBXBuildFile; fileRef = 91D22B7E1C0E945400F873CB /* AnimationController.swift */; };
		91D22B871C0E946A00F873CB /* baseClass.swift in Sources */ = {isa = PBXBuildFile; fileRef = 91D22B811C0E946A00F873CB /* baseClass.swift */; };
		91D22B881C0E946A00F873CB /* chenggusuanming.plist in Resources */ = {isa = PBXBuildFile; fileRef = 91D22B821C0E946A00F873CB /* chenggusuanming.plist */; };
		91D22B891C0E946A00F873CB /* EFAnimationViewController.swift in Sources */ = {isa = PBXBuildFile; fileRef = 91D22B831C0E946A00F873CB /* EFAnimationViewController.swift */; };
		91D22B8A1C0E946A00F873CB /* GuanyinViewController.swift in Sources */ = {isa = PBXBuildFile; fileRef = 91D22B841C0E946A00F873CB /* GuanyinViewController.swift */; };
		91D22B8B1C0E946A00F873CB /* hander.png in Resources */ = {isa = PBXBuildFile; fileRef = 91D22B851C0E946A00F873CB /* hander.png */; };
		91D22B8C1C0E946A00F873CB /* icon in Resources */ = {isa = PBXBuildFile; fileRef = 91D22B861C0E946A00F873CB /* icon */; };
		91D22B941C0E947600F873CB /* LarnDate.swift in Sources */ = {isa = PBXBuildFile; fileRef = 91D22B8D1C0E947500F873CB /* LarnDate.swift */; };
		91D22B951C0E947600F873CB /* Linqian.plist in Resources */ = {isa = PBXBuildFile; fileRef = 91D22B8E1C0E947600F873CB /* Linqian.plist */; };
		91D22B961C0E947600F873CB /* prise.png in Resources */ = {isa = PBXBuildFile; fileRef = 91D22B8F1C0E947600F873CB /* prise.png */; };
		91D22B971C0E947600F873CB /* ssViewController.swift in Sources */ = {isa = PBXBuildFile; fileRef = 91D22B901C0E947600F873CB /* ssViewController.swift */; };
		91D22B981C0E947600F873CB /* TableViewController.swift in Sources */ = {isa = PBXBuildFile; fileRef = 91D22B911C0E947600F873CB /* TableViewController.swift */; };
		91D22B991C0E947600F873CB /* zhuanpan.png in Resources */ = {isa = PBXBuildFile; fileRef = 91D22B921C0E947600F873CB /* zhuanpan.png */; };
		91D22B9A1C0E947600F873CB /* ZhuanPanController.swift in Sources */ = {isa = PBXBuildFile; fileRef = 91D22B931C0E947600F873CB /* ZhuanPanController.swift */; };
		91D22B9C1C0E94D300F873CB /* ChengguHelper.swift in Sources */ = {isa = PBXBuildFile; fileRef = 91D22B9B1C0E94D300F873CB /* ChengguHelper.swift */; };
		91FAFDE91C0E9BC400555652 /* HttpSwift.swift in Sources */ = {isa = PBXBuildFile; fileRef = 91FAFDE81C0E9BC400555652 /* HttpSwift.swift */; };
		91FAFDEB1C0EC66B00555652 /* Date.swift in Sources */ = {isa = PBXBuildFile; fileRef = 91FAFDEA1C0EC66B00555652 /* Date.swift */; };
		91FAFDED1C0EDA2100555652 /* StrutsTest.swift in Sources */ = {isa = PBXBuildFile; fileRef = 91FAFDEC1C0EDA2100555652 /* StrutsTest.swift */; };
		91FAFDF01C0EEAC200555652 /* Test.swift in Sources */ = {isa = PBXBuildFile; fileRef = 91FAFDEF1C0EEAC200555652 /* Test.swift */; };
/* End PBXBuildFile section */

/* Begin PBXContainerItemProxy section */
		91D22B611C0E936C00F873CB /* PBXContainerItemProxy */ = {
			isa = PBXContainerItemProxy;
			containerPortal = 91D22B441C0E936C00F873CB /* Project object */;
			proxyType = 1;
			remoteGlobalIDString = 91D22B4B1C0E936C00F873CB;
			remoteInfo = fate;
		};
		91D22B6C1C0E936C00F873CB /* PBXContainerItemProxy */ = {
			isa = PBXContainerItemProxy;
			containerPortal = 91D22B441C0E936C00F873CB /* Project object */;
			proxyType = 1;
			remoteGlobalIDString = 91D22B4B1C0E936C00F873CB;
			remoteInfo = fate;
		};
/* End PBXContainerItemProxy section */

/* Begin PBXFileReference section */
		910E947E1C1516C5005A9FAB /* TableDetail.swift */ = {isa = PBXFileReference; fileEncoding = 4; lastKnownFileType = sourcecode.swift; path = TableDetail.swift; sourceTree = "<group>"; };
		91A5F04A1C167E6C0044A458 /* TableViewControllerBack.swift */ = {isa = PBXFileReference; fileEncoding = 4; lastKnownFileType = sourcecode.swift; path = TableViewControllerBack.swift; sourceTree = "<group>"; };
		91C505711C16688500A47350 /* SwiftyJSON.swift */ = {isa = PBXFileReference; fileEncoding = 4; lastKnownFileType = sourcecode.swift; path = SwiftyJSON.swift; sourceTree = "<group>"; };
		91D22B4C1C0E936C00F873CB /* fate.app */ = {isa = PBXFileReference; explicitFileType = wrapper.application; includeInIndex = 0; path = fate.app; sourceTree = BUILT_PRODUCTS_DIR; };
		91D22B4F1C0E936C00F873CB /* AppDelegate.swift */ = {isa = PBXFileReference; lastKnownFileType = sourcecode.swift; path = AppDelegate.swift; sourceTree = "<group>"; };
		91D22B511C0E936C00F873CB /* ViewController.swift */ = {isa = PBXFileReference; lastKnownFileType = sourcecode.swift; path = ViewController.swift; sourceTree = "<group>"; };
		91D22B541C0E936C00F873CB /* Base */ = {isa = PBXFileReference; lastKnownFileType = file.storyboard; name = Base; path = Base.lproj/Main.storyboard; sourceTree = "<group>"; };
		91D22B561C0E936C00F873CB /* Assets.xcassets */ = {isa = PBXFileReference; lastKnownFileType = folder.assetcatalog; path = Assets.xcassets; sourceTree = "<group>"; };
		91D22B591C0E936C00F873CB /* Base */ = {isa = PBXFileReference; lastKnownFileType = file.storyboard; name = Base; path = Base.lproj/LaunchScreen.storyboard; sourceTree = "<group>"; };
		91D22B5B1C0E936C00F873CB /* Info.plist */ = {isa = PBXFileReference; lastKnownFileType = text.plist.xml; path = Info.plist; sourceTree = "<group>"; };
		91D22B601C0E936C00F873CB /* fateTests.xctest */ = {isa = PBXFileReference; explicitFileType = wrapper.cfbundle; includeInIndex = 0; path = fateTests.xctest; sourceTree = BUILT_PRODUCTS_DIR; };
		91D22B641C0E936C00F873CB /* fateTests.swift */ = {isa = PBXFileReference; lastKnownFileType = sourcecode.swift; path = fateTests.swift; sourceTree = "<group>"; };
		91D22B661C0E936C00F873CB /* Info.plist */ = {isa = PBXFileReference; lastKnownFileType = text.plist.xml; path = Info.plist; sourceTree = "<group>"; };
		91D22B6B1C0E936C00F873CB /* fateUITests.xctest */ = {isa = PBXFileReference; explicitFileType = wrapper.cfbundle; includeInIndex = 0; path = fateUITests.xctest; sourceTree = BUILT_PRODUCTS_DIR; };
		91D22B6F1C0E936C00F873CB /* fateUITests.swift */ = {isa = PBXFileReference; lastKnownFileType = sourcecode.swift; path = fateUITests.swift; sourceTree = "<group>"; };
		91D22B711C0E936C00F873CB /* Info.plist */ = {isa = PBXFileReference; lastKnownFileType = text.plist.xml; path = Info.plist; sourceTree = "<group>"; };
		91D22B7D1C0E945400F873CB /* AlertViewControlller.swift */ = {isa = PBXFileReference; fileEncoding = 4; lastKnownFileType = sourcecode.swift; path = AlertViewControlller.swift; sourceTree = "<group>"; };
		91D22B7E1C0E945400F873CB /* AnimationController.swift */ = {isa = PBXFileReference; fileEncoding = 4; lastKnownFileType = sourcecode.swift; path = AnimationController.swift; sourceTree = "<group>"; };
		91D22B811C0E946A00F873CB /* baseClass.swift */ = {isa = PBXFileReference; fileEncoding = 4; lastKnownFileType = sourcecode.swift; path = baseClass.swift; sourceTree = "<group>"; };
		91D22B821C0E946A00F873CB /* chenggusuanming.plist */ = {isa = PBXFileReference; fileEncoding = 4; lastKnownFileType = text.plist.xml; path = chenggusuanming.plist; sourceTree = "<group>"; };
		91D22B831C0E946A00F873CB /* EFAnimationViewController.swift */ = {isa = PBXFileReference; fileEncoding = 4; lastKnownFileType = sourcecode.swift; path = EFAnimationViewController.swift; sourceTree = "<group>"; };
		91D22B841C0E946A00F873CB /* GuanyinViewController.swift */ = {isa = PBXFileReference; fileEncoding = 4; lastKnownFileType = sourcecode.swift; path = GuanyinViewController.swift; sourceTree = "<group>"; };
		91D22B851C0E946A00F873CB /* hander.png */ = {isa = PBXFileReference; lastKnownFileType = image.png; path = hander.png; sourceTree = "<group>"; };
		91D22B861C0E946A00F873CB /* icon */ = {isa = PBXFileReference; lastKnownFileType = folder; path = icon; sourceTree = "<group>"; };
		91D22B8D1C0E947500F873CB /* LarnDate.swift */ = {isa = PBXFileReference; fileEncoding = 4; lastKnownFileType = sourcecode.swift; path = LarnDate.swift; sourceTree = "<group>"; };
		91D22B8E1C0E947600F873CB /* Linqian.plist */ = {isa = PBXFileReference; fileEncoding = 4; lastKnownFileType = text.plist.xml; path = Linqian.plist; sourceTree = "<group>"; };
		91D22B8F1C0E947600F873CB /* prise.png */ = {isa = PBXFileReference; lastKnownFileType = image.png; path = prise.png; sourceTree = "<group>"; };
		91D22B901C0E947600F873CB /* ssViewController.swift */ = {isa = PBXFileReference; fileEncoding = 4; lastKnownFileType = sourcecode.swift; path = ssViewController.swift; sourceTree = "<group>"; };
		91D22B911C0E947600F873CB /* TableViewController.swift */ = {isa = PBXFileReference; fileEncoding = 4; lastKnownFileType = sourcecode.swift; path = TableViewController.swift; sourceTree = "<group>"; };
		91D22B921C0E947600F873CB /* zhuanpan.png */ = {isa = PBXFileReference; lastKnownFileType = image.png; path = zhuanpan.png; sourceTree = "<group>"; };
		91D22B931C0E947600F873CB /* ZhuanPanController.swift */ = {isa = PBXFileReference; fileEncoding = 4; lastKnownFileType = sourcecode.swift; path = ZhuanPanController.swift; sourceTree = "<group>"; };
		91D22B9B1C0E94D300F873CB /* ChengguHelper.swift */ = {isa = PBXFileReference; fileEncoding = 4; lastKnownFileType = sourcecode.swift; path = ChengguHelper.swift; sourceTree = "<group>"; };
		91FAFDE81C0E9BC400555652 /* HttpSwift.swift */ = {isa = PBXFileReference; fileEncoding = 4; lastKnownFileType = sourcecode.swift; path = HttpSwift.swift; sourceTree = "<group>"; };
		91FAFDEA1C0EC66B00555652 /* Date.swift */ = {isa = PBXFileReference; fileEncoding = 4; lastKnownFileType = sourcecode.swift; path = Date.swift; sourceTree = "<group>"; };
		91FAFDEC1C0EDA2100555652 /* StrutsTest.swift */ = {isa = PBXFileReference; fileEncoding = 4; lastKnownFileType = sourcecode.swift; path = StrutsTest.swift; sourceTree = "<group>"; };
		91FAFDEE1C0EDB7900555652 /* MyPlayground.playground */ = {isa = PBXFileReference; lastKnownFileType = file.playground; path = MyPlayground.playground; sourceTree = "<group>"; };
		91FAFDEF1C0EEAC200555652 /* Test.swift */ = {isa = PBXFileReference; fileEncoding = 4; lastKnownFileType = sourcecode.swift; path = Test.swift; sourceTree = "<group>"; };
/* End PBXFileReference section */

/* Begin PBXFrameworksBuildPhase section */
		91D22B491C0E936C00F873CB /* Frameworks */ = {
			isa = PBXFrameworksBuildPhase;
			buildActionMask = 2147483647;
			files = (
			);
			runOnlyForDeploymentPostprocessing = 0;
		};
		91D22B5D1C0E936C00F873CB /* Frameworks */ = {
			isa = PBXFrameworksBuildPhase;
			buildActionMask = 2147483647;
			files = (
			);
			runOnlyForDeploymentPostprocessing = 0;
		};
		91D22B681C0E936C00F873CB /* Frameworks */ = {
			isa = PBXFrameworksBuildPhase;
			buildActionMask = 2147483647;
			files = (
			);
			runOnlyForDeploymentPostprocessing = 0;
		};
/* End PBXFrameworksBuildPhase section */

/* Begin PBXGroup section */
		91D22B431C0E936C00F873CB = {
			isa = PBXGroup;
			children = (
				91FAFDEF1C0EEAC200555652 /* Test.swift */,
				91D22B4E1C0E936C00F873CB /* fate */,
				91D22B631C0E936C00F873CB /* fateTests */,
				91D22B6E1C0E936C00F873CB /* fateUITests */,
				91D22B4D1C0E936C00F873CB /* Products */,
			);
			sourceTree = "<group>";
		};
		91D22B4D1C0E936C00F873CB /* Products */ = {
			isa = PBXGroup;
			children = (
				91D22B4C1C0E936C00F873CB /* fate.app */,
				91D22B601C0E936C00F873CB /* fateTests.xctest */,
				91D22B6B1C0E936C00F873CB /* fateUITests.xctest */,
			);
			name = Products;
			sourceTree = "<group>";
		};
		91D22B4E1C0E936C00F873CB /* fate */ = {
			isa = PBXGroup;
			children = (
				91C505711C16688500A47350 /* SwiftyJSON.swift */,
				91D22B7E1C0E945400F873CB /* AnimationController.swift */,
				91D22B7D1C0E945400F873CB /* AlertViewControlller.swift */,
				91D22B9B1C0E94D300F873CB /* ChengguHelper.swift */,
				91D22B8D1C0E947500F873CB /* LarnDate.swift */,
				91FAFDE61C0E9AB100555652 /* support */,
				91FAFDE71C0E9AD700555652 /* imges */,
				91D22B901C0E947600F873CB /* ssViewController.swift */,
				91D22B911C0E947600F873CB /* TableViewController.swift */,
				91A5F04A1C167E6C0044A458 /* TableViewControllerBack.swift */,
				910E947E1C1516C5005A9FAB /* TableDetail.swift */,
				91FAFDE81C0E9BC400555652 /* HttpSwift.swift */,
				91D22B931C0E947600F873CB /* ZhuanPanController.swift */,
				91D22B811C0E946A00F873CB /* baseClass.swift */,
				91D22B831C0E946A00F873CB /* EFAnimationViewController.swift */,
				91D22B841C0E946A00F873CB /* GuanyinViewController.swift */,
				91FAFDEC1C0EDA2100555652 /* StrutsTest.swift */,
				91FAFDEE1C0EDB7900555652 /* MyPlayground.playground */,
				91D22B861C0E946A00F873CB /* icon */,
				91D22B4F1C0E936C00F873CB /* AppDelegate.swift */,
				91D22B511C0E936C00F873CB /* ViewController.swift */,
				91D22B531C0E936C00F873CB /* Main.storyboard */,
				91D22B561C0E936C00F873CB /* Assets.xcassets */,
				91D22B581C0E936C00F873CB /* LaunchScreen.storyboard */,
				91FAFDEA1C0EC66B00555652 /* Date.swift */,
			);
			path = fate;
			sourceTree = "<group>";
		};
		91D22B631C0E936C00F873CB /* fateTests */ = {
			isa = PBXGroup;
			children = (
				91D22B641C0E936C00F873CB /* fateTests.swift */,
				91D22B661C0E936C00F873CB /* Info.plist */,
			);
			path = fateTests;
			sourceTree = "<group>";
		};
		91D22B6E1C0E936C00F873CB /* fateUITests */ = {
			isa = PBXGroup;
			children = (
				91D22B6F1C0E936C00F873CB /* fateUITests.swift */,
				91D22B711C0E936C00F873CB /* Info.plist */,
			);
			path = fateUITests;
			sourceTree = "<group>";
		};
		91FAFDE61C0E9AB100555652 /* support */ = {
			isa = PBXGroup;
			children = (
				91D22B821C0E946A00F873CB /* chenggusuanming.plist */,
				91D22B5B1C0E936C00F873CB /* Info.plist */,
				91D22B8E1C0E947600F873CB /* Linqian.plist */,
			);
			name = support;
			sourceTree = "<group>";
		};
		91FAFDE71C0E9AD700555652 /* imges */ = {
			isa = PBXGroup;
			children = (
				91D22B8F1C0E947600F873CB /* prise.png */,
				91D22B851C0E946A00F873CB /* hander.png */,
				91D22B921C0E947600F873CB /* zhuanpan.png */,
			);
			name = imges;
			sourceTree = "<group>";
		};
/* End PBXGroup section */

/* Begin PBXNativeTarget section */
		91D22B4B1C0E936C00F873CB /* fate */ = {
			isa = PBXNativeTarget;
			buildConfigurationList = 91D22B741C0E936C00F873CB /* Build configuration list for PBXNativeTarget "fate" */;
			buildPhases = (
				91D22B481C0E936C00F873CB /* Sources */,
				91D22B491C0E936C00F873CB /* Frameworks */,
				91D22B4A1C0E936C00F873CB /* Resources */,
			);
			buildRules = (
			);
			dependencies = (
			);
			name = fate;
			productName = fate;
			productReference = 91D22B4C1C0E936C00F873CB /* fate.app */;
			productType = "com.apple.product-type.application";
		};
		91D22B5F1C0E936C00F873CB /* fateTests */ = {
			isa = PBXNativeTarget;
			buildConfigurationList = 91D22B771C0E936C00F873CB /* Build configuration list for PBXNativeTarget "fateTests" */;
			buildPhases = (
				91D22B5C1C0E936C00F873CB /* Sources */,
				91D22B5D1C0E936C00F873CB /* Frameworks */,
				91D22B5E1C0E936C00F873CB /* Resources */,
			);
			buildRules = (
			);
			dependencies = (
				91D22B621C0E936C00F873CB /* PBXTargetDependency */,
			);
			name = fateTests;
			productName = fateTests;
			productReference = 91D22B601C0E936C00F873CB /* fateTests.xctest */;
			productType = "com.apple.product-type.bundle.unit-test";
		};
		91D22B6A1C0E936C00F873CB /* fateUITests */ = {
			isa = PBXNativeTarget;
			buildConfigurationList = 91D22B7A1C0E936C00F873CB /* Build configuration list for PBXNativeTarget "fateUITests" */;
			buildPhases = (
				91D22B671C0E936C00F873CB /* Sources */,
				91D22B681C0E936C00F873CB /* Frameworks */,
				91D22B691C0E936C00F873CB /* Resources */,
			);
			buildRules = (
			);
			dependencies = (
				91D22B6D1C0E936C00F873CB /* PBXTargetDependency */,
			);
			name = fateUITests;
			productName = fateUITests;
			productReference = 91D22B6B1C0E936C00F873CB /* fateUITests.xctest */;
			productType = "com.apple.product-type.bundle.ui-testing";
		};
/* End PBXNativeTarget section */

/* Begin PBXProject section */
		91D22B441C0E936C00F873CB /* Project object */ = {
			isa = PBXProject;
			attributes = {
				LastSwiftUpdateCheck = 0710;
				LastUpgradeCheck = 0710;
				ORGANIZATIONNAME = xieyang;
				TargetAttributes = {
					91D22B4B1C0E936C00F873CB = {
						CreatedOnToolsVersion = 7.1.1;
						DevelopmentTeam = 6V8FQJXWVZ;
					};
					91D22B5F1C0E936C00F873CB = {
						CreatedOnToolsVersion = 7.1.1;
						DevelopmentTeam = 6V8FQJXWVZ;
						TestTargetID = 91D22B4B1C0E936C00F873CB;
					};
					91D22B6A1C0E936C00F873CB = {
						CreatedOnToolsVersion = 7.1.1;
						DevelopmentTeam = 6V8FQJXWVZ;
						TestTargetID = 91D22B4B1C0E936C00F873CB;
					};
				};
			};
			buildConfigurationList = 91D22B471C0E936C00F873CB /* Build configuration list for PBXProject "fate" */;
			compatibilityVersion = "Xcode 3.2";
			developmentRegion = English;
			hasScannedForEncodings = 0;
			knownRegions = (
				en,
				Base,
			);
			mainGroup = 91D22B431C0E936C00F873CB;
			productRefGroup = 91D22B4D1C0E936C00F873CB /* Products */;
			projectDirPath = "";
			projectRoot = "";
			targets = (
				91D22B4B1C0E936C00F873CB /* fate */,
				91D22B5F1C0E936C00F873CB /* fateTests */,
				91D22B6A1C0E936C00F873CB /* fateUITests */,
			);
		};
/* End PBXProject section */

/* Begin PBXResourcesBuildPhase section */
		91D22B4A1C0E936C00F873CB /* Resources */ = {
			isa = PBXResourcesBuildPhase;
			buildActionMask = 2147483647;
			files = (
				91D22B951C0E947600F873CB /* Linqian.plist in Resources */,
				91D22B5A1C0E936C00F873CB /* LaunchScreen.storyboard in Resources */,
				91D22B8C1C0E946A00F873CB /* icon in Resources */,
				91D22B571C0E936C00F873CB /* Assets.xcassets in Resources */,
				91D22B991C0E947600F873CB /* zhuanpan.png in Resources */,
				91D22B8B1C0E946A00F873CB /* hander.png in Resources */,
				91D22B881C0E946A00F873CB /* chenggusuanming.plist in Resources */,
				91D22B551C0E936C00F873CB /* Main.storyboard in Resources */,
				91D22B961C0E947600F873CB /* prise.png in Resources */,
			);
			runOnlyForDeploymentPostprocessing = 0;
		};
		91D22B5E1C0E936C00F873CB /* Resources */ = {
			isa = PBXResourcesBuildPhase;
			buildActionMask = 2147483647;
			files = (
			);
			runOnlyForDeploymentPostprocessing = 0;
		};
		91D22B691C0E936C00F873CB /* Resources */ = {
			isa = PBXResourcesBuildPhase;
			buildActionMask = 2147483647;
			files = (
			);
			runOnlyForDeploymentPostprocessing = 0;
		};
/* End PBXResourcesBuildPhase section */

/* Begin PBXSourcesBuildPhase section */
		91D22B481C0E936C00F873CB /* Sources */ = {
			isa = PBXSourcesBuildPhase;
			buildActionMask = 2147483647;
			files = (
				91A5F04B1C167E6C0044A458 /* TableViewControllerBack.swift in Sources */,
				91D22B8A1C0E946A00F873CB /* GuanyinViewController.swift in Sources */,
				91D22B871C0E946A00F873CB /* baseClass.swift in Sources */,
				91D22B801C0E945400F873CB /* AnimationController.swift in Sources */,
				91D22B981C0E947600F873CB /* TableViewController.swift in Sources */,
				91D22B971C0E947600F873CB /* ssViewController.swift in Sources */,
				91FAFDF01C0EEAC200555652 /* Test.swift in Sources */,
				91FAFDE91C0E9BC400555652 /* HttpSwift.swift in Sources */,
				91D22B891C0E946A00F873CB /* EFAnimationViewController.swift in Sources */,
				910E947F1C1516C5005A9FAB /* TableDetail.swift in Sources */,
				91D22B941C0E947600F873CB /* LarnDate.swift in Sources */,
				91D22B9C1C0E94D300F873CB /* ChengguHelper.swift in Sources */,
				91FAFDEB1C0EC66B00555652 /* Date.swift in Sources */,
				91D22B521C0E936C00F873CB /* ViewController.swift in Sources */,
				91D22B7F1C0E945400F873CB /* AlertViewControlller.swift in Sources */,
				91D22B501C0E936C00F873CB /* AppDelegate.swift in Sources */,
				91C505721C16688500A47350 /* SwiftyJSON.swift in Sources */,
				91FAFDED1C0EDA2100555652 /* StrutsTest.swift in Sources */,
				91D22B9A1C0E947600F873CB /* ZhuanPanController.swift in Sources */,
			);
			runOnlyForDeploymentPostprocessing = 0;
		};
		91D22B5C1C0E936C00F873CB /* Sources */ = {
			isa = PBXSourcesBuildPhase;
			buildActionMask = 2147483647;
			files = (
				91D22B651C0E936C00F873CB /* fateTests.swift in Sources */,
			);
			runOnlyForDeploymentPostprocessing = 0;
		};
		91D22B671C0E936C00F873CB /* Sources */ = {
			isa = PBXSourcesBuildPhase;
			buildActionMask = 2147483647;
			files = (
				91D22B701C0E936C00F873CB /* fateUITests.swift in Sources */,
			);
			runOnlyForDeploymentPostprocessing = 0;
		};
/* End PBXSourcesBuildPhase section */

/* Begin PBXTargetDependency section */
		91D22B621C0E936C00F873CB /* PBXTargetDependency */ = {
			isa = PBXTargetDependency;
			target = 91D22B4B1C0E936C00F873CB /* fate */;
			targetProxy = 91D22B611C0E936C00F873CB /* PBXContainerItemProxy */;
		};
		91D22B6D1C0E936C00F873CB /* PBXTargetDependency */ = {
			isa = PBXTargetDependency;
			target = 91D22B4B1C0E936C00F873CB /* fate */;
			targetProxy = 91D22B6C1C0E936C00F873CB /* PBXContainerItemProxy */;
		};
/* End PBXTargetDependency section */

/* Begin PBXVariantGroup section */
		91D22B531C0E936C00F873CB /* Main.storyboard */ = {
			isa = PBXVariantGroup;
			children = (
				91D22B541C0E936C00F873CB /* Base */,
			);
			name = Main.storyboard;
			sourceTree = "<group>";
		};
		91D22B581C0E936C00F873CB /* LaunchScreen.storyboard */ = {
			isa = PBXVariantGroup;
			children = (
				91D22B591C0E936C00F873CB /* Base */,
			);
			name = LaunchScreen.storyboard;
			sourceTree = "<group>";
		};
/* End PBXVariantGroup section */

/* Begin XCBuildConfiguration section */
		91D22B721C0E936C00F873CB /* Debug */ = {
			isa = XCBuildConfiguration;
			buildSettings = {
				ALWAYS_SEARCH_USER_PATHS = NO;
				CLANG_CXX_LANGUAGE_STANDARD = "gnu++0x";
				CLANG_CXX_LIBRARY = "libc++";
				CLANG_ENABLE_MODULES = YES;
				CLANG_ENABLE_OBJC_ARC = YES;
				CLANG_WARN_BOOL_CONVERSION = YES;
				CLANG_WARN_CONSTANT_CONVERSION = YES;
				CLANG_WARN_DIRECT_OBJC_ISA_USAGE = YES_ERROR;
				CLANG_WARN_EMPTY_BODY = YES;
				CLANG_WARN_ENUM_CONVERSION = YES;
				CLANG_WARN_INT_CONVERSION = YES;
				CLANG_WARN_OBJC_ROOT_CLASS = YES_ERROR;
				CLANG_WARN_UNREACHABLE_CODE = YES;
				CLANG_WARN__DUPLICATE_METHOD_MATCH = YES;
				"CODE_SIGN_IDENTITY[sdk=iphoneos*]" = "iPhone Developer";
				COPY_PHASE_STRIP = NO;
				DEBUG_INFORMATION_FORMAT = dwarf;
				ENABLE_STRICT_OBJC_MSGSEND = YES;
				ENABLE_TESTABILITY = YES;
				GCC_C_LANGUAGE_STANDARD = gnu99;
				GCC_DYNAMIC_NO_PIC = NO;
				GCC_NO_COMMON_BLOCKS = YES;
				GCC_OPTIMIZATION_LEVEL = 0;
				GCC_PREPROCESSOR_DEFINITIONS = (
					"DEBUG=1",
					"$(inherited)",
				);
				GCC_WARN_64_TO_32_BIT_CONVERSION = YES;
				GCC_WARN_ABOUT_RETURN_TYPE = YES_ERROR;
				GCC_WARN_UNDECLARED_SELECTOR = YES;
				GCC_WARN_UNINITIALIZED_AUTOS = YES_AGGRESSIVE;
				GCC_WARN_UNUSED_FUNCTION = YES;
				GCC_WARN_UNUSED_VARIABLE = YES;
				IPHONEOS_DEPLOYMENT_TARGET = 9.1;
				MTL_ENABLE_DEBUG_INFO = YES;
				ONLY_ACTIVE_ARCH = YES;
				SDKROOT = iphoneos;
				SWIFT_OPTIMIZATION_LEVEL = "-Onone";
			};
			name = Debug;
		};
		91D22B731C0E936C00F873CB /* Release */ = {
			isa = XCBuildConfiguration;
			buildSettings = {
				ALWAYS_SEARCH_USER_PATHS = NO;
				CLANG_CXX_LANGUAGE_STANDARD = "gnu++0x";
				CLANG_CXX_LIBRARY = "libc++";
				CLANG_ENABLE_MODULES = YES;
				CLANG_ENABLE_OBJC_ARC = YES;
				CLANG_WARN_BOOL_CONVERSION = YES;
				CLANG_WARN_CONSTANT_CONVERSION = YES;
				CLANG_WARN_DIRECT_OBJC_ISA_USAGE = YES_ERROR;
				CLANG_WARN_EMPTY_BODY = YES;
				CLANG_WARN_ENUM_CONVERSION = YES;
				CLANG_WARN_INT_CONVERSION = YES;
				CLANG_WARN_OBJC_ROOT_CLASS = YES_ERROR;
				CLANG_WARN_UNREACHABLE_CODE = YES;
				CLANG_WARN__DUPLICATE_METHOD_MATCH = YES;
				"CODE_SIGN_IDENTITY[sdk=iphoneos*]" = "iPhone Developer";
				COPY_PHASE_STRIP = NO;
				DEBUG_INFORMATION_FORMAT = "dwarf-with-dsym";
				ENABLE_NS_ASSERTIONS = NO;
				ENABLE_STRICT_OBJC_MSGSEND = YES;
				GCC_C_LANGUAGE_STANDARD = gnu99;
				GCC_NO_COMMON_BLOCKS = YES;
				GCC_WARN_64_TO_32_BIT_CONVERSION = YES;
				GCC_WARN_ABOUT_RETURN_TYPE = YES_ERROR;
				GCC_WARN_UNDECLARED_SELECTOR = YES;
				GCC_WARN_UNINITIALIZED_AUTOS = YES_AGGRESSIVE;
				GCC_WARN_UNUSED_FUNCTION = YES;
				GCC_WARN_UNUSED_VARIABLE = YES;
				IPHONEOS_DEPLOYMENT_TARGET = 9.1;
				MTL_ENABLE_DEBUG_INFO = NO;
				SDKROOT = iphoneos;
				VALIDATE_PRODUCT = YES;
			};
			name = Release;
		};
		91D22B751C0E936C00F873CB /* Debug */ = {
			isa = XCBuildConfiguration;
			buildSettings = {
				ASSETCATALOG_COMPILER_APPICON_NAME = AppIcon;
				INFOPLIST_FILE = fate/Info.plist;
				IPHONEOS_DEPLOYMENT_TARGET = 9.0;
				LD_RUNPATH_SEARCH_PATHS = "$(inherited) @executable_path/Frameworks";
				PRODUCT_BUNDLE_IDENTIFIER = edu.cullen.fate;
				PRODUCT_NAME = "$(TARGET_NAME)";
			};
			name = Debug;
		};
		91D22B761C0E936C00F873CB /* Release */ = {
			isa = XCBuildConfiguration;
			buildSettings = {
				ASSETCATALOG_COMPILER_APPICON_NAME = AppIcon;
				INFOPLIST_FILE = fate/Info.plist;
				IPHONEOS_DEPLOYMENT_TARGET = 9.0;
				LD_RUNPATH_SEARCH_PATHS = "$(inherited) @executable_path/Frameworks";
				PRODUCT_BUNDLE_IDENTIFIER = edu.cullen.fate;
				PRODUCT_NAME = "$(TARGET_NAME)";
			};
			name = Release;
		};
		91D22B781C0E936C00F873CB /* Debug */ = {
			isa = XCBuildConfiguration;
			buildSettings = {
				BUNDLE_LOADER = "$(TEST_HOST)";
				INFOPLIST_FILE = fateTests/Info.plist;
				LD_RUNPATH_SEARCH_PATHS = "$(inherited) @executable_path/Frameworks @loader_path/Frameworks";
				PRODUCT_BUNDLE_IDENTIFIER = com.fateTests;
				PRODUCT_NAME = "$(TARGET_NAME)";
				TEST_HOST = "$(BUILT_PRODUCTS_DIR)/fate.app/fate";
			};
			name = Debug;
		};
		91D22B791C0E936C00F873CB /* Release */ = {
			isa = XCBuildConfiguration;
			buildSettings = {
				BUNDLE_LOADER = "$(TEST_HOST)";
				INFOPLIST_FILE = fateTests/Info.plist;
				LD_RUNPATH_SEARCH_PATHS = "$(inherited) @executable_path/Frameworks @loader_path/Frameworks";
				PRODUCT_BUNDLE_IDENTIFIER = com.fateTests;
				PRODUCT_NAME = "$(TARGET_NAME)";
				TEST_HOST = "$(BUILT_PRODUCTS_DIR)/fate.app/fate";
			};
			name = Release;
		};
		91D22B7B1C0E936C00F873CB /* Debug */ = {
			isa = XCBuildConfiguration;
			buildSettings = {
				INFOPLIST_FILE = fateUITests/Info.plist;
				LD_RUNPATH_SEARCH_PATHS = "$(inherited) @executable_path/Frameworks @loader_path/Frameworks";
				PRODUCT_BUNDLE_IDENTIFIER = com.fateUITests;
				PRODUCT_NAME = "$(TARGET_NAME)";
				TEST_TARGET_NAME = fate;
				USES_XCTRUNNER = YES;
			};
			name = Debug;
		};
		91D22B7C1C0E936C00F873CB /* Release */ = {
			isa = XCBuildConfiguration;
			buildSettings = {
				INFOPLIST_FILE = fateUITests/Info.plist;
				LD_RUNPATH_SEARCH_PATHS = "$(inherited) @executable_path/Frameworks @loader_path/Frameworks";
				PRODUCT_BUNDLE_IDENTIFIER = com.fateUITests;
				PRODUCT_NAME = "$(TARGET_NAME)";
				TEST_TARGET_NAME = fate;
				USES_XCTRUNNER = YES;
			};
			name = Release;
		};
/* End XCBuildConfiguration section */

/* Begin XCConfigurationList section */
		91D22B471C0E936C00F873CB /* Build configuration list for PBXProject "fate" */ = {
			isa = XCConfigurationList;
			buildConfigurations = (
				91D22B721C0E936C00F873CB /* Debug */,
				91D22B731C0E936C00F873CB /* Release */,
			);
			defaultConfigurationIsVisible = 0;
			defaultConfigurationName = Release;
		};
		91D22B741C0E936C00F873CB /* Build configuration list for PBXNativeTarget "fate" */ = {
			isa = XCConfigurationList;
			buildConfigurations = (
				91D22B751C0E936C00F873CB /* Debug */,
				91D22B761C0E936C00F873CB /* Release */,
			);
			defaultConfigurationIsVisible = 0;
			defaultConfigurationName = Release;
		};
		91D22B771C0E936C00F873CB /* Build configuration list for PBXNativeTarget "fateTests" */ = {
			isa = XCConfigurationList;
			buildConfigurations = (
				91D22B781C0E936C00F873CB /* Debug */,
				91D22B791C0E936C00F873CB /* Release */,
			);
			defaultConfigurationIsVisible = 0;
			defaultConfigurationName = Release;
		};
		91D22B7A1C0E936C00F873CB /* Build configuration list for PBXNativeTarget "fateUITests" */ = {
			isa = XCConfigurationList;
			buildConfigurations = (
				91D22B7B1C0E936C00F873CB /* Debug */,
				91D22B7C1C0E936C00F873CB /* Release */,
			);
			defaultConfigurationIsVisible = 0;
			defaultConfigurationName = Release;
		};
/* End XCConfigurationList section */
	};
	rootObject = 91D22B441C0E936C00F873CB /* Project object */;
}
